
Microsoft Visual Studio Solution File, Format Version 12.00
# Visual Studio Version 17
VisualStudioVersion = 17.1.32328.378
MinimumVisualStudioVersion = 10.0.40219.1
Project("{2150E333-8FDC-42A3-9474-1A3956D46DE8}") = "01 - apreasentacao", "01 - apreasentacao", "{397CC66E-BB19-45F3-83A5-341DFB5F7DEA}"
EndProject
Project("{FAE04EC0-301F-11D3-BF4B-00C04F79EFBC}") = "Facec.Apresentacao", "Facec.Apresentacao\Facec.Apresentacao.csproj", "{8BCD2281-9194-4787-86E7-E80E1549159A}"
EndProject
Global
	GlobalSection(SolutionConfigurationPlatforms) = preSolution
		Debug|Any CPU = Debug|Any CPU
		Release|Any CPU = Release|Any CPU
	EndGlobalSection
	GlobalSection(ProjectConfigurationPlatforms) = postSolution
		{8BCD2281-9194-4787-86E7-E80E1549159A}.Debug|Any CPU.ActiveCfg = Debug|Any CPU
		{8BCD2281-9194-4787-86E7-E80E1549159A}.Debug|Any CPU.Build.0 = Debug|Any CPU
		{8BCD2281-9194-4787-86E7-E80E1549159A}.Release|Any CPU.ActiveCfg = Release|Any CPU
		{8BCD2281-9194-4787-86E7-E80E1549159A}.Release|Any CPU.Build.0 = Release|Any CPU
	EndGlobalSection
	GlobalSection(SolutionProperties) = preSolution
		HideSolutionNode = FALSE
	EndGlobalSection
	GlobalSection(NestedProjects) = preSolution
		{8BCD2281-9194-4787-86E7-E80E1549159A} = {397CC66E-BB19-45F3-83A5-341DFB5F7DEA}
	EndGlobalSection
	GlobalSection(ExtensibilityGlobals) = postSolution
		SolutionGuid = {2E4B97D1-24F7-4832-8C1F-D7825BF63D5C}
	EndGlobalSection
EndGlobal
